version = 1
revision = 3
requires-python = ">=3.13"

[[package]]
name = "cuda-bindings"
version = "12.9.2"
source = { registry = "https://pypi.org/simple" }
dependencies = [
    { name = "cuda-pathfinder" },
    { name = "pywin32", marker = "sys_platform == 'win32'" },
]
wheels = [
    { url = "https://files.pythonhosted.org/packages/5f/03/01f4b81b5d73411d56a07776e81ee64769979bc5151acd9d5da20140444c/cuda_bindings-12.9.2-cp313-cp313-manylinux_2_24_aarch64.manylinux_2_28_aarch64.whl", hash = "sha256:513ab7bff8fa1fbb949512cc18fcbe3ca190411da653dd7072c1537663176f18", size = 12104305, upload-time = "2025-08-18T15:47:41.806Z" },
    { url = "https://files.pythonhosted.org/packages/08/a9/c73b2e7a6862d94671e56d2d5676b45fb8767c21ebfd8c947c4bb46c1b05/cuda_bindings-12.9.2-cp313-cp313-manylinux_2_24_x86_64.manylinux_2_28_x86_64.whl", hash = "sha256:81ebcf681094c5fe6cf248beea029d84858f42748f29dc8b81869a008d52288f", size = 12474607, upload-time = "2025-08-18T15:47:43.889Z" },
    { url = "https://files.pythonhosted.org/packages/6b/99/f17f92c939e2a6f31744de5bdae43b6b70a59bdd87c6a0d53d61e8c9527c/cuda_bindings-12.9.2-cp313-cp313-win_amd64.whl", hash = "sha256:48451eca385ae9729f3a9a3458741c43672a0587d044d968654a60f448ef376a", size = 12342198, upload-time = "2025-08-18T15:47:46.666Z" },
]

[package.optional-dependencies]
all = [
    { name = "nvidia-cuda-nvcc-cu12" },
    { name = "nvidia-cuda-nvrtc-cu12" },
    { name = "nvidia-cufile-cu12", marker = "sys_platform == 'linux'" },
    { name = "nvidia-nvjitlink-cu12" },
]

[[package]]
name = "cuda-core"
version = "0.3.2"
source = { registry = "https://pypi.org/simple" }
dependencies = [
    { name = "numpy" },
]
wheels = [
    { url = "https://files.pythonhosted.org/packages/84/e4/54eb602200bcc43c8ecc3fc1663f5a4422e9b06cefee749edd3f279fe60d/cuda_core-0.3.2-cp313-cp313-manylinux_2_24_aarch64.manylinux_2_28_aarch64.whl", hash = "sha256:89017fa01d65f355155e85e40362f10a16224650743a929bc447090236733e5c", size = 3011781, upload-time = "2025-08-07T03:41:16.036Z" },
    { url = "https://files.pythonhosted.org/packages/6f/e8/e426d3a5bb52732ff1e40c3d230561290aae07a6d7aa0911b746b8467b15/cuda_core-0.3.2-cp313-cp313-manylinux_2_24_x86_64.manylinux_2_28_x86_64.whl", hash = "sha256:5c048a9d788028d2a268101001d40210812d6dcf178e6869f49e855606ed2605", size = 3049412, upload-time = "2025-08-07T03:41:17.734Z" },
    { url = "https://files.pythonhosted.org/packages/b7/16/7b46f4f7f906e60c445916db5c00e51bb0b7ee2eb4fab30be3be6a1e7354/cuda_core-0.3.2-cp313-cp313-win_amd64.whl", hash = "sha256:2fcd38ceb9934e58b830b9aa4c30db7a22d65d328155454f5801eda45ac10f42", size = 1279880, upload-time = "2025-08-07T03:41:19.176Z" },
]

[package.optional-dependencies]
cu12 = [
    { name = "cuda-bindings", extra = ["all"] },
]

[[package]]
name = "cuda-pathfinder"
version = "1.2.2"
source = { registry = "https://pypi.org/simple" }
wheels = [
    { url = "https://files.pythonhosted.org/packages/9b/c0/3cf324a6a3419e8f6ee44fbdf1d9297cc9b353f30c77b2827a8df66ca90d/cuda_pathfinder-1.2.2-py3-none-any.whl", hash = "sha256:4a97b8eb29bc4bbd52f419141dd0345da95f67e599deeed686bd925729d22228", size = 23129, upload-time = "2025-09-09T00:12:10.702Z" },
]

[[package]]
name = "cupy-cuda12x"
version = "13.6.0"
source = { registry = "https://pypi.org/simple" }
dependencies = [
    { name = "fastrlock" },
    { name = "numpy" },
]
wheels = [
    { url = "https://files.pythonhosted.org/packages/19/ec/f62cb991f11fb41291c4c15b6936d7b67ffa71ddb344ad6e8894e06ce58d/cupy_cuda12x-13.6.0-cp313-cp313-manylinux2014_aarch64.whl", hash = "sha256:e5426ae3b1b9cf59927481e457a89e3f0b50a35b114a8034ec9110e7a833434c", size = 126904601, upload-time = "2025-08-18T08:24:59.951Z" },
    { url = "https://files.pythonhosted.org/packages/f8/b8/30127bcdac53a25f94ee201bf4802fcd8d012145567d77c54174d6d01c01/cupy_cuda12x-13.6.0-cp313-cp313-manylinux2014_x86_64.whl", hash = "sha256:52d9e7f83d920da7d81ec2e791c2c2c747fdaa1d7b811971b34865ce6371e98a", size = 112654824, upload-time = "2025-08-18T08:25:05.944Z" },
    { url = "https://files.pythonhosted.org/packages/72/36/c9e24acb19f039f814faea880b3704a3661edaa6739456b73b27540663e3/cupy_cuda12x-13.6.0-cp313-cp313-win_amd64.whl", hash = "sha256:297b4268f839de67ef7865c2202d3f5a0fb8d20bd43360bc51b6e60cb4406447", size = 89750580, upload-time = "2025-08-18T08:25:10.972Z" },
]

[[package]]
name = "fastrlock"
version = "0.8.3"
source = { registry = "https://pypi.org/simple" }
sdist = { url = "https://files.pythonhosted.org/packages/73/b1/1c3d635d955f2b4bf34d45abf8f35492e04dbd7804e94ce65d9f928ef3ec/fastrlock-0.8.3.tar.gz", hash = "sha256:4af6734d92eaa3ab4373e6c9a1dd0d5ad1304e172b1521733c6c3b3d73c8fa5d", size = 79327, upload-time = "2024-12-17T11:03:39.638Z" }
wheels = [
    { url = "https://files.pythonhosted.org/packages/92/74/7b13d836c3f221cff69d6f418f46c2a30c4b1fe09a8ce7db02eecb593185/fastrlock-0.8.3-cp313-cp313-macosx_11_0_universal2.whl", hash = "sha256:5264088185ca8e6bc83181dff521eee94d078c269c7d557cc8d9ed5952b7be45", size = 54157, upload-time = "2024-12-17T11:02:29.196Z" },
    { url = "https://files.pythonhosted.org/packages/06/77/f06a907f9a07d26d0cca24a4385944cfe70d549a2c9f1c3e3217332f4f12/fastrlock-0.8.3-cp313-cp313-manylinux_2_17_aarch64.manylinux2014_aarch64.manylinux_2_28_aarch64.whl", hash = "sha256:4a98ba46b3e14927550c4baa36b752d0d2f7387b8534864a8767f83cce75c160", size = 50954, upload-time = "2024-12-17T11:02:32.12Z" },
    { url = "https://files.pythonhosted.org/packages/f9/4e/94480fb3fd93991dd6f4e658b77698edc343f57caa2870d77b38c89c2e3b/fastrlock-0.8.3-cp313-cp313-manylinux_2_5_x86_64.manylinux1_x86_64.manylinux_2_28_x86_64.whl", hash = "sha256:dbdea6deeccea1917c6017d353987231c4e46c93d5338ca3e66d6cd88fbce259", size = 52535, upload-time = "2024-12-17T11:02:33.402Z" },
    { url = "https://files.pythonhosted.org/packages/7d/a7/ee82bb55b6c0ca30286dac1e19ee9417a17d2d1de3b13bb0f20cefb86086/fastrlock-0.8.3-cp313-cp313-musllinux_1_1_aarch64.whl", hash = "sha256:c6e5bfecbc0d72ff07e43fed81671747914d6794e0926700677ed26d894d4f4f", size = 50942, upload-time = "2024-12-17T11:02:34.688Z" },
    { url = "https://files.pythonhosted.org/packages/63/1d/d4b7782ef59e57dd9dde69468cc245adafc3674281905e42fa98aac30a79/fastrlock-0.8.3-cp313-cp313-musllinux_1_1_x86_64.whl", hash = "sha256:2a83d558470c520ed21462d304e77a12639859b205759221c8144dd2896b958a", size = 52044, upload-time = "2024-12-17T11:02:36.613Z" },
    { url = "https://files.pythonhosted.org/packages/28/a3/2ad0a0a69662fd4cf556ab8074f0de978ee9b56bff6ddb4e656df4aa9e8e/fastrlock-0.8.3-cp313-cp313-win_amd64.whl", hash = "sha256:8d1d6a28291b4ace2a66bd7b49a9ed9c762467617febdd9ab356b867ed901af8", size = 30472, upload-time = "2024-12-17T11:02:37.983Z" },
]

[[package]]
name = "numpy"
version = "2.3.3"
source = { registry = "https://pypi.org/simple" }
sdist = { url = "https://files.pythonhosted.org/packages/d0/19/95b3d357407220ed24c139018d2518fab0a61a948e68286a25f1a4d049ff/numpy-2.3.3.tar.gz", hash = "sha256:ddc7c39727ba62b80dfdbedf400d1c10ddfa8eefbd7ec8dcb118be8b56d31029", size = 20576648, upload-time = "2025-09-09T16:54:12.543Z" }
wheels = [
    { url = "https://files.pythonhosted.org/packages/7d/b9/984c2b1ee61a8b803bf63582b4ac4242cf76e2dbd663efeafcb620cc0ccb/numpy-2.3.3-cp313-cp313-macosx_10_13_x86_64.whl", hash = "sha256:f5415fb78995644253370985342cd03572ef8620b934da27d77377a2285955bf", size = 20949588, upload-time = "2025-09-09T15:56:59.087Z" },
    { url = "https://files.pythonhosted.org/packages/a6/e4/07970e3bed0b1384d22af1e9912527ecbeb47d3b26e9b6a3bced068b3bea/numpy-2.3.3-cp313-cp313-macosx_11_0_arm64.whl", hash = "sha256:d00de139a3324e26ed5b95870ce63be7ec7352171bc69a4cf1f157a48e3eb6b7", size = 14177802, upload-time = "2025-09-09T15:57:01.73Z" },
    { url = "https://files.pythonhosted.org/packages/35/c7/477a83887f9de61f1203bad89cf208b7c19cc9fef0cebef65d5a1a0619f2/numpy-2.3.3-cp313-cp313-macosx_14_0_arm64.whl", hash = "sha256:9dc13c6a5829610cc07422bc74d3ac083bd8323f14e2827d992f9e52e22cd6a6", size = 5106537, upload-time = "2025-09-09T15:57:03.765Z" },
    { url = "https://files.pythonhosted.org/packages/52/47/93b953bd5866a6f6986344d045a207d3f1cfbad99db29f534ea9cee5108c/numpy-2.3.3-cp313-cp313-macosx_14_0_x86_64.whl", hash = "sha256:d79715d95f1894771eb4e60fb23f065663b2298f7d22945d66877aadf33d00c7", size = 6640743, upload-time = "2025-09-09T15:57:07.921Z" },
    { url = "https://files.pythonhosted.org/packages/23/83/377f84aaeb800b64c0ef4de58b08769e782edcefa4fea712910b6f0afd3c/numpy-2.3.3-cp313-cp313-manylinux_2_27_aarch64.manylinux_2_28_aarch64.whl", hash = "sha256:952cfd0748514ea7c3afc729a0fc639e61655ce4c55ab9acfab14bda4f402b4c", size = 14278881, upload-time = "2025-09-09T15:57:11.349Z" },
    { url = "https://files.pythonhosted.org/packages/9a/a5/bf3db6e66c4b160d6ea10b534c381a1955dfab34cb1017ea93aa33c70ed3/numpy-2.3.3-cp313-cp313-manylinux_2_27_x86_64.manylinux_2_28_x86_64.whl", hash = "sha256:5b83648633d46f77039c29078751f80da65aa64d5622a3cd62aaef9d835b6c93", size = 16636301, upload-time = "2025-09-09T15:57:14.245Z" },
    { url = "https://files.pythonhosted.org/packages/a2/59/1287924242eb4fa3f9b3a2c30400f2e17eb2707020d1c5e3086fe7330717/numpy-2.3.3-cp313-cp313-musllinux_1_2_aarch64.whl", hash = "sha256:b001bae8cea1c7dfdb2ae2b017ed0a6f2102d7a70059df1e338e307a4c78a8ae", size = 16053645, upload-time = "2025-09-09T15:57:16.534Z" },
    { url = "https://files.pythonhosted.org/packages/e6/93/b3d47ed882027c35e94ac2320c37e452a549f582a5e801f2d34b56973c97/numpy-2.3.3-cp313-cp313-musllinux_1_2_x86_64.whl", hash = "sha256:8e9aced64054739037d42fb84c54dd38b81ee238816c948c8f3ed134665dcd86", size = 18578179, upload-time = "2025-09-09T15:57:18.883Z" },
    { url = "https://files.pythonhosted.org/packages/20/d9/487a2bccbf7cc9d4bfc5f0f197761a5ef27ba870f1e3bbb9afc4bbe3fcc2/numpy-2.3.3-cp313-cp313-win32.whl", hash = "sha256:9591e1221db3f37751e6442850429b3aabf7026d3b05542d102944ca7f00c8a8", size = 6312250, upload-time = "2025-09-09T15:57:21.296Z" },
    { url = "https://files.pythonhosted.org/packages/1b/b5/263ebbbbcede85028f30047eab3d58028d7ebe389d6493fc95ae66c636ab/numpy-2.3.3-cp313-cp313-win_amd64.whl", hash = "sha256:f0dadeb302887f07431910f67a14d57209ed91130be0adea2f9793f1a4f817cf", size = 12783269, upload-time = "2025-09-09T15:57:23.034Z" },
    { url = "https://files.pythonhosted.org/packages/fa/75/67b8ca554bbeaaeb3fac2e8bce46967a5a06544c9108ec0cf5cece559b6c/numpy-2.3.3-cp313-cp313-win_arm64.whl", hash = "sha256:3c7cf302ac6e0b76a64c4aecf1a09e51abd9b01fc7feee80f6c43e3ab1b1dbc5", size = 10195314, upload-time = "2025-09-09T15:57:25.045Z" },
    { url = "https://files.pythonhosted.org/packages/11/d0/0d1ddec56b162042ddfafeeb293bac672de9b0cfd688383590090963720a/numpy-2.3.3-cp313-cp313t-macosx_10_13_x86_64.whl", hash = "sha256:eda59e44957d272846bb407aad19f89dc6f58fecf3504bd144f4c5cf81a7eacc", size = 21048025, upload-time = "2025-09-09T15:57:27.257Z" },
    { url = "https://files.pythonhosted.org/packages/36/9e/1996ca6b6d00415b6acbdd3c42f7f03ea256e2c3f158f80bd7436a8a19f3/numpy-2.3.3-cp313-cp313t-macosx_11_0_arm64.whl", hash = "sha256:823d04112bc85ef5c4fda73ba24e6096c8f869931405a80aa8b0e604510a26bc", size = 14301053, upload-time = "2025-09-09T15:57:30.077Z" },
    { url = "https://files.pythonhosted.org/packages/05/24/43da09aa764c68694b76e84b3d3f0c44cb7c18cdc1ba80e48b0ac1d2cd39/numpy-2.3.3-cp313-cp313t-macosx_14_0_arm64.whl", hash = "sha256:40051003e03db4041aa325da2a0971ba41cf65714e65d296397cc0e32de6018b", size = 5229444, upload-time = "2025-09-09T15:57:32.733Z" },
    { url = "https://files.pythonhosted.org/packages/bc/14/50ffb0f22f7218ef8af28dd089f79f68289a7a05a208db9a2c5dcbe123c1/numpy-2.3.3-cp313-cp313t-macosx_14_0_x86_64.whl", hash = "sha256:6ee9086235dd6ab7ae75aba5662f582a81ced49f0f1c6de4260a78d8f2d91a19", size = 6738039, upload-time = "2025-09-09T15:57:34.328Z" },
    { url = "https://files.pythonhosted.org/packages/55/52/af46ac0795e09657d45a7f4db961917314377edecf66db0e39fa7ab5c3d3/numpy-2.3.3-cp313-cp313t-manylinux_2_27_aarch64.manylinux_2_28_aarch64.whl", hash = "sha256:94fcaa68757c3e2e668ddadeaa86ab05499a70725811e582b6a9858dd472fb30", size = 14352314, upload-time = "2025-09-09T15:57:36.255Z" },
    { url = "https://files.pythonhosted.org/packages/a7/b1/dc226b4c90eb9f07a3fff95c2f0db3268e2e54e5cce97c4ac91518aee71b/numpy-2.3.3-cp313-cp313t-manylinux_2_27_x86_64.manylinux_2_28_x86_64.whl", hash = "sha256:da1a74b90e7483d6ce5244053399a614b1d6b7bc30a60d2f570e5071f8959d3e", size = 16701722, upload-time = "2025-09-09T15:57:38.622Z" },
    { url = "https://files.pythonhosted.org/packages/9d/9d/9d8d358f2eb5eced14dba99f110d83b5cd9a4460895230f3b396ad19a323/numpy-2.3.3-cp313-cp313t-musllinux_1_2_aarch64.whl", hash = "sha256:2990adf06d1ecee3b3dcbb4977dfab6e9f09807598d647f04d385d29e7a3c3d3", size = 16132755, upload-time = "2025-09-09T15:57:41.16Z" },
    { url = "https://files.pythonhosted.org/packages/b6/27/b3922660c45513f9377b3fb42240bec63f203c71416093476ec9aa0719dc/numpy-2.3.3-cp313-cp313t-musllinux_1_2_x86_64.whl", hash = "sha256:ed635ff692483b8e3f0fcaa8e7eb8a75ee71aa6d975388224f70821421800cea", size = 18651560, upload-time = "2025-09-09T15:57:43.459Z" },
    { url = "https://files.pythonhosted.org/packages/5b/8e/3ab61a730bdbbc201bb245a71102aa609f0008b9ed15255500a99cd7f780/numpy-2.3.3-cp313-cp313t-win32.whl", hash = "sha256:a333b4ed33d8dc2b373cc955ca57babc00cd6f9009991d9edc5ddbc1bac36bcd", size = 6442776, upload-time = "2025-09-09T15:57:45.793Z" },
    { url = "https://files.pythonhosted.org/packages/1c/3a/e22b766b11f6030dc2decdeff5c2fb1610768055603f9f3be88b6d192fb2/numpy-2.3.3-cp313-cp313t-win_amd64.whl", hash = "sha256:4384a169c4d8f97195980815d6fcad04933a7e1ab3b530921c3fef7a1c63426d", size = 12927281, upload-time = "2025-09-09T15:57:47.492Z" },
    { url = "https://files.pythonhosted.org/packages/7b/42/c2e2bc48c5e9b2a83423f99733950fbefd86f165b468a3d85d52b30bf782/numpy-2.3.3-cp313-cp313t-win_arm64.whl", hash = "sha256:75370986cc0bc66f4ce5110ad35aae6d182cc4ce6433c40ad151f53690130bf1", size = 10265275, upload-time = "2025-09-09T15:57:49.647Z" },
    { url = "https://files.pythonhosted.org/packages/6b/01/342ad585ad82419b99bcf7cebe99e61da6bedb89e213c5fd71acc467faee/numpy-2.3.3-cp314-cp314-macosx_10_13_x86_64.whl", hash = "sha256:cd052f1fa6a78dee696b58a914b7229ecfa41f0a6d96dc663c1220a55e137593", size = 20951527, upload-time = "2025-09-09T15:57:52.006Z" },
    { url = "https://files.pythonhosted.org/packages/ef/d8/204e0d73fc1b7a9ee80ab1fe1983dd33a4d64a4e30a05364b0208e9a241a/numpy-2.3.3-cp314-cp314-macosx_11_0_arm64.whl", hash = "sha256:414a97499480067d305fcac9716c29cf4d0d76db6ebf0bf3cbce666677f12652", size = 14186159, upload-time = "2025-09-09T15:57:54.407Z" },
    { url = "https://files.pythonhosted.org/packages/22/af/f11c916d08f3a18fb8ba81ab72b5b74a6e42ead4c2846d270eb19845bf74/numpy-2.3.3-cp314-cp314-macosx_14_0_arm64.whl", hash = "sha256:50a5fe69f135f88a2be9b6ca0481a68a136f6febe1916e4920e12f1a34e708a7", size = 5114624, upload-time = "2025-09-09T15:57:56.5Z" },
    { url = "https://files.pythonhosted.org/packages/fb/11/0ed919c8381ac9d2ffacd63fd1f0c34d27e99cab650f0eb6f110e6ae4858/numpy-2.3.3-cp314-cp314-macosx_14_0_x86_64.whl", hash = "sha256:b912f2ed2b67a129e6a601e9d93d4fa37bef67e54cac442a2f588a54afe5c67a", size = 6642627, upload-time = "2025-09-09T15:57:58.206Z" },
    { url = "https://files.pythonhosted.org/packages/ee/83/deb5f77cb0f7ba6cb52b91ed388b47f8f3c2e9930d4665c600408d9b90b9/numpy-2.3.3-cp314-cp314-manylinux_2_27_aarch64.manylinux_2_28_aarch64.whl", hash = "sha256:9e318ee0596d76d4cb3d78535dc005fa60e5ea348cd131a51e99d0bdbe0b54fe", size = 14296926, upload-time = "2025-09-09T15:58:00.035Z" },
    { url = "https://files.pythonhosted.org/packages/77/cc/70e59dcb84f2b005d4f306310ff0a892518cc0c8000a33d0e6faf7ca8d80/numpy-2.3.3-cp314-cp314-manylinux_2_27_x86_64.manylinux_2_28_x86_64.whl", hash = "sha256:ce020080e4a52426202bdb6f7691c65bb55e49f261f31a8f506c9f6bc7450421", size = 16638958, upload-time = "2025-09-09T15:58:02.738Z" },
    { url = "https://files.pythonhosted.org/packages/b6/5a/b2ab6c18b4257e099587d5b7f903317bd7115333ad8d4ec4874278eafa61/numpy-2.3.3-cp314-cp314-musllinux_1_2_aarch64.whl", hash = "sha256:e6687dc183aa55dae4a705b35f9c0f8cb178bcaa2f029b241ac5356221d5c021", size = 16071920, upload-time = "2025-09-09T15:58:05.029Z" },
    { url = "https://files.pythonhosted.org/packages/b8/f1/8b3fdc44324a259298520dd82147ff648979bed085feeacc1250ef1656c0/numpy-2.3.3-cp314-cp314-musllinux_1_2_x86_64.whl", hash = "sha256:d8f3b1080782469fdc1718c4ed1d22549b5fb12af0d57d35e992158a772a37cf", size = 18577076, upload-time = "2025-09-09T15:58:07.745Z" },
    { url = "https://files.pythonhosted.org/packages/f0/a1/b87a284fb15a42e9274e7fcea0dad259d12ddbf07c1595b26883151ca3b4/numpy-2.3.3-cp314-cp314-win32.whl", hash = "sha256:cb248499b0bc3be66ebd6578b83e5acacf1d6cb2a77f2248ce0e40fbec5a76d0", size = 6366952, upload-time = "2025-09-09T15:58:10.096Z" },
    { url = "https://files.pythonhosted.org/packages/70/5f/1816f4d08f3b8f66576d8433a66f8fa35a5acfb3bbd0bf6c31183b003f3d/numpy-2.3.3-cp314-cp314-win_amd64.whl", hash = "sha256:691808c2b26b0f002a032c73255d0bd89751425f379f7bcd22d140db593a96e8", size = 12919322, upload-time = "2025-09-09T15:58:12.138Z" },
    { url = "https://files.pythonhosted.org/packages/8c/de/072420342e46a8ea41c324a555fa90fcc11637583fb8df722936aed1736d/numpy-2.3.3-cp314-cp314-win_arm64.whl", hash = "sha256:9ad12e976ca7b10f1774b03615a2a4bab8addce37ecc77394d8e986927dc0dfe", size = 10478630, upload-time = "2025-09-09T15:58:14.64Z" },
    { url = "https://files.pythonhosted.org/packages/d5/df/ee2f1c0a9de7347f14da5dd3cd3c3b034d1b8607ccb6883d7dd5c035d631/numpy-2.3.3-cp314-cp314t-macosx_10_13_x86_64.whl", hash = "sha256:9cc48e09feb11e1db00b320e9d30a4151f7369afb96bd0e48d942d09da3a0d00", size = 21047987, upload-time = "2025-09-09T15:58:16.889Z" },
    { url = "https://files.pythonhosted.org/packages/d6/92/9453bdc5a4e9e69cf4358463f25e8260e2ffc126d52e10038b9077815989/numpy-2.3.3-cp314-cp314t-macosx_11_0_arm64.whl", hash = "sha256:901bf6123879b7f251d3631967fd574690734236075082078e0571977c6a8e6a", size = 14301076, upload-time = "2025-09-09T15:58:20.343Z" },
    { url = "https://files.pythonhosted.org/packages/13/77/1447b9eb500f028bb44253105bd67534af60499588a5149a94f18f2ca917/numpy-2.3.3-cp314-cp314t-macosx_14_0_arm64.whl", hash = "sha256:7f025652034199c301049296b59fa7d52c7e625017cae4c75d8662e377bf487d", size = 5229491, upload-time = "2025-09-09T15:58:22.481Z" },
    { url = "https://files.pythonhosted.org/packages/3d/f9/d72221b6ca205f9736cb4b2ce3b002f6e45cd67cd6a6d1c8af11a2f0b649/numpy-2.3.3-cp314-cp314t-macosx_14_0_x86_64.whl", hash = "sha256:533ca5f6d325c80b6007d4d7fb1984c303553534191024ec6a524a4c92a5935a", size = 6737913, upload-time = "2025-09-09T15:58:24.569Z" },
    { url = "https://files.pythonhosted.org/packages/3c/5f/d12834711962ad9c46af72f79bb31e73e416ee49d17f4c797f72c96b6ca5/numpy-2.3.3-cp314-cp314t-manylinux_2_27_aarch64.manylinux_2_28_aarch64.whl", hash = "sha256:0edd58682a399824633b66885d699d7de982800053acf20be1eaa46d92009c54", size = 14352811, upload-time = "2025-09-09T15:58:26.416Z" },
    { url = "https://files.pythonhosted.org/packages/a1/0d/fdbec6629d97fd1bebed56cd742884e4eead593611bbe1abc3eb40d304b2/numpy-2.3.3-cp314-cp314t-manylinux_2_27_x86_64.manylinux_2_28_x86_64.whl", hash = "sha256:367ad5d8fbec5d9296d18478804a530f1191e24ab4d75ab408346ae88045d25e", size = 16702689, upload-time = "2025-09-09T15:58:28.831Z" },
    { url = "https://files.pythonhosted.org/packages/9b/09/0a35196dc5575adde1eb97ddfbc3e1687a814f905377621d18ca9bc2b7dd/numpy-2.3.3-cp314-cp314t-musllinux_1_2_aarch64.whl", hash = "sha256:8f6ac61a217437946a1fa48d24c47c91a0c4f725237871117dea264982128097", size = 16133855, upload-time = "2025-09-09T15:58:31.349Z" },
    { url = "https://files.pythonhosted.org/packages/7a/ca/c9de3ea397d576f1b6753eaa906d4cdef1bf97589a6d9825a349b4729cc2/numpy-2.3.3-cp314-cp314t-musllinux_1_2_x86_64.whl", hash = "sha256:179a42101b845a816d464b6fe9a845dfaf308fdfc7925387195570789bb2c970", size = 18652520, upload-time = "2025-09-09T15:58:33.762Z" },
    { url = "https://files.pythonhosted.org/packages/fd/c2/e5ed830e08cd0196351db55db82f65bc0ab05da6ef2b72a836dcf1936d2f/numpy-2.3.3-cp314-cp314t-win32.whl", hash = "sha256:1250c5d3d2562ec4174bce2e3a1523041595f9b651065e4a4473f5f48a6bc8a5", size = 6515371, upload-time = "2025-09-09T15:58:36.04Z" },
    { url = "https://files.pythonhosted.org/packages/47/c7/b0f6b5b67f6788a0725f744496badbb604d226bf233ba716683ebb47b570/numpy-2.3.3-cp314-cp314t-win_amd64.whl", hash = "sha256:b37a0b2e5935409daebe82c1e42274d30d9dd355852529eab91dab8dcca7419f", size = 13112576, upload-time = "2025-09-09T15:58:37.927Z" },
    { url = "https://files.pythonhosted.org/packages/06/b9/33bba5ff6fb679aa0b1f8a07e853f002a6b04b9394db3069a1270a7784ca/numpy-2.3.3-cp314-cp314t-win_arm64.whl", hash = "sha256:78c9f6560dc7e6b3990e32df7ea1a50bbd0e2a111e05209963f5ddcab7073b0b", size = 10545953, upload-time = "2025-09-09T15:58:40.576Z" },
]

[[package]]
name = "nvidia-cublas-cu12"
version = "12.9.1.4"
source = { registry = "https://pypi.org/simple" }
wheels = [
    { url = "https://files.pythonhosted.org/packages/82/6c/90d3f532f608a03a13c1d6c16c266ffa3828e8011b1549d3b61db2ad59f5/nvidia_cublas_cu12-12.9.1.4-py3-none-manylinux_2_27_aarch64.whl", hash = "sha256:7a950dae01add3b415a5a5cdc4ec818fb5858263e9cca59004bb99fdbbd3a5d6", size = 575006342, upload-time = "2025-06-05T20:04:16.902Z" },
    { url = "https://files.pythonhosted.org/packages/77/3c/aa88abe01f3be3d1f8f787d1d33dc83e76fec05945f9a28fbb41cfb99cd5/nvidia_cublas_cu12-12.9.1.4-py3-none-manylinux_2_27_x86_64.whl", hash = "sha256:453611eb21a7c1f2c2156ed9f3a45b691deda0440ec550860290dc901af5b4c2", size = 581242350, upload-time = "2025-06-05T20:04:51.979Z" },
    { url = "https://files.pythonhosted.org/packages/45/a1/a17fade6567c57452cfc8f967a40d1035bb9301db52f27808167fbb2be2f/nvidia_cublas_cu12-12.9.1.4-py3-none-win_amd64.whl", hash = "sha256:1e5fee10662e6e52bd71dec533fbbd4971bb70a5f24f3bc3793e5c2e9dc640bf", size = 553153899, upload-time = "2025-06-05T20:13:35.556Z" },
]

[[package]]
name = "nvidia-cuda-nvcc-cu12"
version = "12.9.86"
source = { registry = "https://pypi.org/simple" }
wheels = [
    { url = "https://files.pythonhosted.org/packages/25/48/b54a06168a2190572a312bfe4ce443687773eb61367ced31e064953dd2f7/nvidia_cuda_nvcc_cu12-12.9.86-py3-none-manylinux2010_x86_64.manylinux_2_12_x86_64.whl", hash = "sha256:5d6a0d32fdc7ea39917c20065614ae93add6f577d840233237ff08e9a38f58f0", size = 40546229, upload-time = "2025-06-05T20:01:53.357Z" },
    { url = "https://files.pythonhosted.org/packages/d6/5c/8cc072436787104bbbcbde1f76ab4a0d89e68f7cebc758dd2ad7913a43d0/nvidia_cuda_nvcc_cu12-12.9.86-py3-none-manylinux2014_aarch64.manylinux_2_17_aarch64.whl", hash = "sha256:44e1eca4d08926193a558d2434b1bf83d57b4d5743e0c431c0c83d51da1df62b", size = 39411138, upload-time = "2025-06-05T20:01:43.182Z" },
    { url = "https://files.pythonhosted.org/packages/d2/9e/c71c53655a65d7531c89421c282359e2f626838762f1ce6180ea0bbebd29/nvidia_cuda_nvcc_cu12-12.9.86-py3-none-win_amd64.whl", hash = "sha256:8ed7f0b17dea662755395be029376db3b94fed5cbb17c2d35cc866c5b1b84099", size = 34669845, upload-time = "2025-06-05T20:11:56.308Z" },
]

[[package]]
name = "nvidia-cuda-nvrtc-cu12"
version = "12.9.86"
source = { registry = "https://pypi.org/simple" }
wheels = [
    { url = "https://files.pythonhosted.org/packages/b8/85/e4af82cc9202023862090bfca4ea827d533329e925c758f0cde964cb54b7/nvidia_cuda_nvrtc_cu12-12.9.86-py3-none-manylinux2010_x86_64.manylinux_2_12_x86_64.whl", hash = "sha256:210cf05005a447e29214e9ce50851e83fc5f4358df8b453155d5e1918094dcb4", size = 89568129, upload-time = "2025-06-05T20:02:41.973Z" },
    { url = "https://files.pythonhosted.org/packages/64/eb/c2295044b8f3b3b08860e2f6a912b702fc92568a167259df5dddb78f325e/nvidia_cuda_nvrtc_cu12-12.9.86-py3-none-manylinux2014_aarch64.manylinux_2_17_aarch64.whl", hash = "sha256:096d4de6bda726415dfaf3198d4f5c522b8e70139c97feef5cd2ca6d4cd9cead", size = 44528905, upload-time = "2025-06-05T20:02:29.754Z" },
    { url = "https://files.pythonhosted.org/packages/52/de/823919be3b9d0ccbf1f784035423c5f18f4267fb0123558d58b813c6ec86/nvidia_cuda_nvrtc_cu12-12.9.86-py3-none-win_amd64.whl", hash = "sha256:72972ebdcf504d69462d3bcd67e7b81edd25d0fb85a2c46d3ea3517666636349", size = 76408187, upload-time = "2025-06-05T20:12:27.819Z" },
]

[[package]]
name = "nvidia-cuda-runtime-cu12"
version = "12.9.79"
source = { registry = "https://pypi.org/simple" }
wheels = [
    { url = "https://files.pythonhosted.org/packages/bc/e0/0279bd94539fda525e0c8538db29b72a5a8495b0c12173113471d28bce78/nvidia_cuda_runtime_cu12-12.9.79-py3-none-manylinux2014_aarch64.manylinux_2_17_aarch64.whl", hash = "sha256:83469a846206f2a733db0c42e223589ab62fd2fabac4432d2f8802de4bded0a4", size = 3515012, upload-time = "2025-06-05T20:00:35.519Z" },
    { url = "https://files.pythonhosted.org/packages/bc/46/a92db19b8309581092a3add7e6fceb4c301a3fd233969856a8cbf042cd3c/nvidia_cuda_runtime_cu12-12.9.79-py3-none-manylinux2014_x86_64.manylinux_2_17_x86_64.whl", hash = "sha256:25bba2dfb01d48a9b59ca474a1ac43c6ebf7011f1b0b8cc44f54eb6ac48a96c3", size = 3493179, upload-time = "2025-06-05T20:00:53.735Z" },
    { url = "https://files.pythonhosted.org/packages/59/df/e7c3a360be4f7b93cee39271b792669baeb3846c58a4df6dfcf187a7ffab/nvidia_cuda_runtime_cu12-12.9.79-py3-none-win_amd64.whl", hash = "sha256:8e018af8fa02363876860388bd10ccb89eb9ab8fb0aa749aaf58430a9f7c4891", size = 3591604, upload-time = "2025-06-05T20:11:17.036Z" },
]

[[package]]
name = "nvidia-cudss-cu12"
version = "0.5.0.16"
source = { registry = "https://pypi.org/simple" }
dependencies = [
    { name = "nvidia-cublas-cu12" },
]
wheels = [
    { url = "https://files.pythonhosted.org/packages/a3/ca/ca26ed00a17039d26fec1ae95b19f64e4f37c60734fbe36251683d13fc26/nvidia_cudss_cu12-0.5.0.16-py3-none-manylinux_2_17_aarch64.whl", hash = "sha256:ab5b6f185de269bb77a5b86a49082cccdafdb988adfa14cfc71293e8c9ba4c75", size = 47002217, upload-time = "2025-02-14T07:45:36.15Z" },
    { url = "https://files.pythonhosted.org/packages/a6/b3/1510400fa837dc39f6d2e717a5ea8a34445e10022f7687f5714244c54df9/nvidia_cudss_cu12-0.5.0.16-py3-none-manylinux_2_17_x86_64.whl", hash = "sha256:5e98add5327a977d39b991d68bc9df36d1a925861243b53321252eb71c04f1f0", size = 47099223, upload-time = "2025-02-14T07:44:47.104Z" },
    { url = "https://files.pythonhosted.org/packages/c2/66/867aea58f43d1230f817b0c56532a51c3ec3c37537034c05757518d458e7/nvidia_cudss_cu12-0.5.0.16-py3-none-win_amd64.whl", hash = "sha256:8a78e61993bafcda5f19c80799dcdd313f93243b755cf1243139e28399e99860", size = 45549957, upload-time = "2025-02-14T07:46:24.799Z" },
]

[[package]]
name = "nvidia-cufft-cu12"
version = "11.4.1.4"
source = { registry = "https://pypi.org/simple" }
dependencies = [
    { name = "nvidia-nvjitlink-cu12" },
]
wheels = [
    { url = "https://files.pythonhosted.org/packages/9b/2b/76445b0af890da61b501fde30650a1a4bd910607261b209cccb5235d3daa/nvidia_cufft_cu12-11.4.1.4-py3-none-manylinux2014_aarch64.manylinux_2_17_aarch64.whl", hash = "sha256:1a28c9b12260a1aa7a8fd12f5ebd82d027963d635ba82ff39a1acfa7c4c0fbcf", size = 200822453, upload-time = "2025-06-05T20:05:27.889Z" },
    { url = "https://files.pythonhosted.org/packages/95/f4/61e6996dd20481ee834f57a8e9dca28b1869366a135e0d42e2aa8493bdd4/nvidia_cufft_cu12-11.4.1.4-py3-none-manylinux2014_x86_64.manylinux_2_17_x86_64.whl", hash = "sha256:c67884f2a7d276b4b80eb56a79322a95df592ae5e765cf1243693365ccab4e28", size = 200877592, upload-time = "2025-06-05T20:05:45.862Z" },
    { url = "https://files.pythonhosted.org/packages/20/ee/29955203338515b940bd4f60ffdbc073428f25ef9bfbce44c9a066aedc5c/nvidia_cufft_cu12-11.4.1.4-py3-none-win_amd64.whl", hash = "sha256:8e5bfaac795e93f80611f807d42844e8e27e340e0cde270dcb6c65386d795b80", size = 200067309, upload-time = "2025-06-05T20:13:59.762Z" },
]

[[package]]
name = "nvidia-cufile-cu12"
version = "1.14.1.1"
source = { registry = "https://pypi.org/simple" }
wheels = [
    { url = "https://files.pythonhosted.org/packages/ad/28/b960e06d705a440c030edd84e16888ee14c743390bdb2a6368e92ffe8ef8/nvidia_cufile_cu12-1.14.1.1-py3-none-manylinux2014_x86_64.manylinux_2_17_x86_64.whl", hash = "sha256:9552e2231792e94b1ff17bc99e958cc0e6bbbaa4a9d91fa2dbeed97716628fe6", size = 1210714, upload-time = "2025-06-05T20:06:11.898Z" },
    { url = "https://files.pythonhosted.org/packages/b9/d2/110af3a1f77999d5eebf6ffae5d2305ab839e53c76eec3696640cc25b35d/nvidia_cufile_cu12-1.14.1.1-py3-none-manylinux_2_27_aarch64.whl", hash = "sha256:8dea77590761e02cb6dd955a57cb6414c58aa3cb1b7adbf9919869a11509cf65", size = 1135994, upload-time = "2025-06-05T20:06:03.952Z" },
]

[[package]]
name = "nvidia-curand-cu12"
version = "10.3.10.19"
source = { registry = "https://pypi.org/simple" }
wheels = [
    { url = "https://files.pythonhosted.org/packages/14/1c/2a45afc614d99558d4a773fa740d8bb5471c8398eeed925fc0fcba020173/nvidia_curand_cu12-10.3.10.19-py3-none-manylinux_2_27_aarch64.whl", hash = "sha256:de663377feb1697e1d30ed587b07d5721fdd6d2015c738d7528a6002a6134d37", size = 68292066, upload-time = "2025-05-01T19:39:13.595Z" },
    { url = "https://files.pythonhosted.org/packages/31/44/193a0e171750ca9f8320626e8a1f2381e4077a65e69e2fb9708bd479e34a/nvidia_curand_cu12-10.3.10.19-py3-none-manylinux_2_27_x86_64.whl", hash = "sha256:49b274db4780d421bd2ccd362e1415c13887c53c214f0d4b761752b8f9f6aa1e", size = 68295626, upload-time = "2025-05-01T19:39:38.885Z" },
    { url = "https://files.pythonhosted.org/packages/e5/98/1bd66fd09cbe1a5920cb36ba87029d511db7cca93979e635fd431ad3b6c0/nvidia_curand_cu12-10.3.10.19-py3-none-win_amd64.whl", hash = "sha256:e8129e6ac40dc123bd948e33d3e11b4aa617d87a583fa2f21b3210e90c743cde", size = 68774847, upload-time = "2025-05-01T19:48:52.93Z" },
]

[[package]]
name = "nvidia-cusolver-cu12"
version = "11.7.5.82"
source = { registry = "https://pypi.org/simple" }
dependencies = [
    { name = "nvidia-cublas-cu12" },
    { name = "nvidia-cusparse-cu12" },
    { name = "nvidia-nvjitlink-cu12" },
]
wheels = [
    { url = "https://files.pythonhosted.org/packages/03/99/686ff9bf3a82a531c62b1a5c614476e8dfa24a9d89067aeedf3592ee4538/nvidia_cusolver_cu12-11.7.5.82-py3-none-manylinux_2_27_aarch64.whl", hash = "sha256:62efa83e4ace59a4c734d052bb72158e888aa7b770e1a5f601682f16fe5b4fd2", size = 337869834, upload-time = "2025-06-05T20:06:53.125Z" },
    { url = "https://files.pythonhosted.org/packages/33/40/79b0c64d44d6c166c0964ec1d803d067f4a145cca23e23925fd351d0e642/nvidia_cusolver_cu12-11.7.5.82-py3-none-manylinux_2_27_x86_64.whl", hash = "sha256:15da72d1340d29b5b3cf3fd100e3cd53421dde36002eda6ed93811af63c40d88", size = 338117415, upload-time = "2025-06-05T20:07:16.809Z" },
    { url = "https://files.pythonhosted.org/packages/32/5d/feb7f86b809f89b14193beffebe24cf2e4bf7af08372ab8cdd34d19a65a0/nvidia_cusolver_cu12-11.7.5.82-py3-none-win_amd64.whl", hash = "sha256:77666337237716783c6269a658dea310195cddbd80a5b2919b1ba8735cec8efd", size = 326215953, upload-time = "2025-06-05T20:14:41.76Z" },
]

[[package]]
name = "nvidia-cusparse-cu12"
version = "12.5.10.65"
source = { registry = "https://pypi.org/simple" }
dependencies = [
    { name = "nvidia-nvjitlink-cu12" },
]
wheels = [
    { url = "https://files.pythonhosted.org/packages/5e/6f/8710fbd17cdd1d0fc3fea7d36d5b65ce1933611c31e1861da330206b253a/nvidia_cusparse_cu12-12.5.10.65-py3-none-manylinux2014_aarch64.manylinux_2_17_aarch64.whl", hash = "sha256:221c73e7482dd93eda44e65ce567c031c07e2f93f6fa0ecd3ba876a195023e83", size = 366359408, upload-time = "2025-06-05T20:07:42.501Z" },
    { url = "https://files.pythonhosted.org/packages/12/46/b0fd4b04f86577921feb97d8e2cf028afe04f614d17fb5013de9282c9216/nvidia_cusparse_cu12-12.5.10.65-py3-none-manylinux2014_x86_64.manylinux_2_17_x86_64.whl", hash = "sha256:73060ce019ac064a057267c585bf1fd5a353734151f87472ff02b2c5c9984e78", size = 366465088, upload-time = "2025-06-05T20:08:20.413Z" },
    { url = "https://files.pythonhosted.org/packages/73/ef/063500c25670fbd1cbb0cd3eb7c8a061585b53adb4dd8bf3492bb49b0df3/nvidia_cusparse_cu12-12.5.10.65-py3-none-win_amd64.whl", hash = "sha256:9e487468a22a1eaf1fbd1d2035936a905feb79c4ce5c2f67626764ee4f90227c", size = 362504719, upload-time = "2025-06-05T20:15:17.947Z" },
]

[[package]]
name = "nvidia-nvjitlink-cu12"
version = "12.9.86"
source = { registry = "https://pypi.org/simple" }
wheels = [
    { url = "https://files.pythonhosted.org/packages/46/0c/c75bbfb967457a0b7670b8ad267bfc4fffdf341c074e0a80db06c24ccfd4/nvidia_nvjitlink_cu12-12.9.86-py3-none-manylinux2010_x86_64.manylinux_2_12_x86_64.whl", hash = "sha256:e3f1171dbdc83c5932a45f0f4c99180a70de9bd2718c1ab77d14104f6d7147f9", size = 39748338, upload-time = "2025-06-05T20:10:25.613Z" },
    { url = "https://files.pythonhosted.org/packages/97/bc/2dcba8e70cf3115b400fef54f213bcd6715a3195eba000f8330f11e40c45/nvidia_nvjitlink_cu12-12.9.86-py3-none-manylinux2014_aarch64.manylinux_2_17_aarch64.whl", hash = "sha256:994a05ef08ef4b0b299829cde613a424382aff7efb08a7172c1fa616cc3af2ca", size = 39514880, upload-time = "2025-06-05T20:10:04.89Z" },
    { url = "https://files.pythonhosted.org/packages/dd/7e/2eecb277d8a98184d881fb98a738363fd4f14577a4d2d7f8264266e82623/nvidia_nvjitlink_cu12-12.9.86-py3-none-win_amd64.whl", hash = "sha256:cc6fcec260ca843c10e34c936921a1c426b351753587fdd638e8cff7b16bb9db", size = 35584936, upload-time = "2025-06-05T20:16:08.525Z" },
]

[[package]]
name = "nvmath-python"
version = "0.6.0"
source = { registry = "https://pypi.org/simple" }
dependencies = [
    { name = "cuda-bindings" },
    { name = "cuda-core" },
    { name = "cuda-pathfinder" },
    { name = "numpy" },
    { name = "pywin32", marker = "sys_platform == 'win32'" },
]
wheels = [
    { url = "https://files.pythonhosted.org/packages/e8/21/461659a3bfd9896176850a1c02b7f7f345bb62771f85cef5cde6e6559a5f/nvmath_python-0.6.0-cp313-cp313-manylinux_2_28_aarch64.whl", hash = "sha256:2d800543e2dc008e2e22463c66d7908e32ea57b52c081d8584f8d7fffa7896c8", size = 3296243, upload-time = "2025-09-04T14:14:23.769Z" },
    { url = "https://files.pythonhosted.org/packages/48/d2/91693ba7161e386f319ba2b40664df6845cac565416aba9ba766e459d671/nvmath_python-0.6.0-cp313-cp313-manylinux_2_28_x86_64.whl", hash = "sha256:8b3595175d59b7b4aee5466d5b9c90a3e2e22448b1df0eebf8d4bae85b337f4c", size = 3479883, upload-time = "2025-09-04T14:04:40.016Z" },
    { url = "https://files.pythonhosted.org/packages/4a/f6/d09520986c6cb2d55bcfc3a30aa7c7279905325a13ae8949ee0d34ee4f00/nvmath_python-0.6.0-cp313-cp313-win_amd64.whl", hash = "sha256:a86215413c7ddd39e7b5d5d0b2a815ec00f56188b2e718af737f0190b58af288", size = 3092945, upload-time = "2025-09-04T14:03:25.566Z" },
]

[package.optional-dependencies]
cu12 = [
    { name = "cuda-bindings" },
    { name = "cuda-core", extra = ["cu12"] },
    { name = "cupy-cuda12x" },
    { name = "nvidia-cublas-cu12" },
    { name = "nvidia-cuda-nvrtc-cu12" },
    { name = "nvidia-cuda-runtime-cu12" },
    { name = "nvidia-cudss-cu12" },
    { name = "nvidia-cufft-cu12" },
    { name = "nvidia-curand-cu12" },
    { name = "nvidia-cusolver-cu12" },
    { name = "nvidia-cusparse-cu12" },
]

[[package]]
name = "pywin32"
version = "311"
source = { registry = "https://pypi.org/simple" }
wheels = [
    { url = "https://files.pythonhosted.org/packages/a5/be/3fd5de0979fcb3994bfee0d65ed8ca9506a8a1260651b86174f6a86f52b3/pywin32-311-cp313-cp313-win32.whl", hash = "sha256:f95ba5a847cba10dd8c4d8fefa9f2a6cf283b8b88ed6178fa8a6c1ab16054d0d", size = 8705700, upload-time = "2025-07-14T20:13:26.471Z" },
    { url = "https://files.pythonhosted.org/packages/e3/28/e0a1909523c6890208295a29e05c2adb2126364e289826c0a8bc7297bd5c/pywin32-311-cp313-cp313-win_amd64.whl", hash = "sha256:718a38f7e5b058e76aee1c56ddd06908116d35147e133427e59a3983f703a20d", size = 9494700, upload-time = "2025-07-14T20:13:28.243Z" },
    { url = "https://files.pythonhosted.org/packages/04/bf/90339ac0f55726dce7d794e6d79a18a91265bdf3aa70b6b9ca52f35e022a/pywin32-311-cp313-cp313-win_arm64.whl", hash = "sha256:7b4075d959648406202d92a2310cb990fea19b535c7f4a78d3f5e10b926eeb8a", size = 8709318, upload-time = "2025-07-14T20:13:30.348Z" },
    { url = "https://files.pythonhosted.org/packages/c9/31/097f2e132c4f16d99a22bfb777e0fd88bd8e1c634304e102f313af69ace5/pywin32-311-cp314-cp314-win32.whl", hash = "sha256:b7a2c10b93f8986666d0c803ee19b5990885872a7de910fc460f9b0c2fbf92ee", size = 8840714, upload-time = "2025-07-14T20:13:32.449Z" },
    { url = "https://files.pythonhosted.org/packages/90/4b/07c77d8ba0e01349358082713400435347df8426208171ce297da32c313d/pywin32-311-cp314-cp314-win_amd64.whl", hash = "sha256:3aca44c046bd2ed8c90de9cb8427f581c479e594e99b5c0bb19b29c10fd6cb87", size = 9656800, upload-time = "2025-07-14T20:13:34.312Z" },
    { url = "https://files.pythonhosted.org/packages/c0/d2/21af5c535501a7233e734b8af901574572da66fcc254cb35d0609c9080dd/pywin32-311-cp314-cp314-win_arm64.whl", hash = "sha256:a508e2d9025764a8270f93111a970e1d0fbfc33f4153b388bb649b7eec4f9b42", size = 8932540, upload-time = "2025-07-14T20:13:36.379Z" },
]

[[package]]
name = "typing-bot"
version = "0.1.0"
source = { virtual = "." }
dependencies = [
    { name = "nvmath-python", extra = ["cu12"] },
]

[package.metadata]
requires-dist = [{ name = "nvmath-python", extras = ["cu12"], specifier = ">=0.6.0" }]
